
Microsoft Visual Studio Solution File, Format Version 12.00
# Visual Studio Version 16
VisualStudioVersion = 16.0.29613.14
MinimumVisualStudioVersion = 10.0.40219.1
Project("{FAE04EC0-301F-11D3-BF4B-00C04F79EFBC}") = "webClient", "webClient\webClient.csproj", "{F74D05BF-D079-41B9-9D39-211DA091E247}"
EndProject
Global
	GlobalSection(SolutionConfigurationPlatforms) = preSolution
		Debug|Any CPU = Debug|Any CPU
		Release|Any CPU = Release|Any CPU
	EndGlobalSection
	GlobalSection(ProjectConfigurationPlatforms) = postSolution
		{F74D05BF-D079-41B9-9D39-211DA091E247}.Debug|Any CPU.ActiveCfg = Debug|Any CPU
		{F74D05BF-D079-41B9-9D39-211DA091E247}.Debug|Any CPU.Build.0 = Debug|Any CPU
		{F74D05BF-D079-41B9-9D39-211DA091E247}.Release|Any CPU.ActiveCfg = Release|Any CPU
		{F74D05BF-D079-41B9-9D39-211DA091E247}.Release|Any CPU.Build.0 = Release|Any CPU
	EndGlobalSection
	GlobalSection(SolutionProperties) = preSolution
		HideSolutionNode = FALSE
	EndGlobalSection
	GlobalSection(ExtensibilityGlobals) = postSolution
		SolutionGuid = {C1D9335E-CC00-4B7B-AAFA-2C2252C8CDF8}
	EndGlobalSection
EndGlobal
